
Microsoft Visual Studio Solution File, Format Version 12.00
# Visual Studio Version 17
VisualStudioVersion = 17.3.32929.385
MinimumVisualStudioVersion = 10.0.40219.1
Project("{FAE04EC0-301F-11D3-BF4B-00C04F79EFBC}") = "TP_GUI_Calculadora", "TP_GUI_Calculadora\TP_GUI_Calculadora.csproj", "{90DC286B-8703-4FDD-8892-1BE0BCECAE68}"
EndProject
Global
	GlobalSection(SolutionConfigurationPlatforms) = preSolution
		Debug|Any CPU = Debug|Any CPU
		Release|Any CPU = Release|Any CPU
	EndGlobalSection
	GlobalSection(ProjectConfigurationPlatforms) = postSolution
		{90DC286B-8703-4FDD-8892-1BE0BCECAE68}.Debug|Any CPU.ActiveCfg = Debug|Any CPU
		{90DC286B-8703-4FDD-8892-1BE0BCECAE68}.Debug|Any CPU.Build.0 = Debug|Any CPU
		{90DC286B-8703-4FDD-8892-1BE0BCECAE68}.Release|Any CPU.ActiveCfg = Release|Any CPU
		{90DC286B-8703-4FDD-8892-1BE0BCECAE68}.Release|Any CPU.Build.0 = Release|Any CPU
	EndGlobalSection
	GlobalSection(SolutionProperties) = preSolution
		HideSolutionNode = FALSE
	EndGlobalSection
	GlobalSection(ExtensibilityGlobals) = postSolution
		SolutionGuid = {A16E857F-4CC2-4E68-A457-12AD424933BA}
	EndGlobalSection
EndGlobal
